{
  "name": "euporious",
  "version": "0.1.0",
  "lockfileVersion": 3,
  "requires": true,
  "packages": {
    "": {
      "name": "euporious",
      "version": "0.1.0",
      "devDependencies": {
        "daisyui": "^5.0.0-beta.8"
      }
    },
    "node_modules/.pnpm/daisyui@5.5.8/node_modules/daisyui": {
      "version": "5.5.8",
      "dev": true,
      "license": "MIT",
      "funding": {
        "url": "https://github.com/saadeghi/daisyui?sponsor=1"
      }
    },
    "node_modules/daisyui": {
      "resolved": "node_modules/.pnpm/daisyui@5.5.8/node_modules/daisyui",
      "link": true
    }
  }
}
